
Microsoft Visual Studio Solution File, Format Version 12.00
# Visual Studio Version 16
VisualStudioVersion = 16.0.30717.126
MinimumVisualStudioVersion = 10.0.40219.1
Project("{8BC9CEB8-8B4A-11D0-8D11-00A0C91BC942}") = "Test", "Test.vcxproj", "{795EED1E-BFEF-4839-B4E4-D28DE6201E85}"
EndProject
Global
	GlobalSection(SolutionConfigurationPlatforms) = preSolution
		Debug|x64 = Debug|x64
		Debug|x86 = Debug|x86
		Release|x64 = Release|x64
		Release|x86 = Release|x86
	EndGlobalSection
	GlobalSection(ProjectConfigurationPlatforms) = postSolution
		{795EED1E-BFEF-4839-B4E4-D28DE6201E85}.Debug|x64.ActiveCfg = Debug|x64
		{795EED1E-BFEF-4839-B4E4-D28DE6201E85}.Debug|x64.Build.0 = Debug|x64
		{795EED1E-BFEF-4839-B4E4-D28DE6201E85}.Debug|x86.ActiveCfg = Debug|Win32
		{795EED1E-BFEF-4839-B4E4-D28DE6201E85}.Debug|x86.Build.0 = Debug|Win32
		{795EED1E-BFEF-4839-B4E4-D28DE6201E85}.Release|x64.ActiveCfg = Release|x64
		{795EED1E-BFEF-4839-B4E4-D28DE6201E85}.Release|x64.Build.0 = Release|x64
		{795EED1E-BFEF-4839-B4E4-D28DE6201E85}.Release|x86.ActiveCfg = Release|Win32
		{795EED1E-BFEF-4839-B4E4-D28DE6201E85}.Release|x86.Build.0 = Release|Win32
	EndGlobalSection
	GlobalSection(SolutionProperties) = preSolution
		HideSolutionNode = FALSE
	EndGlobalSection
	GlobalSection(ExtensibilityGlobals) = postSolution
		SolutionGuid = {FCC847ED-2D64-4444-A561-5027CDC7E4A3}
	EndGlobalSection
EndGlobal
